
Microsoft Visual Studio Solution File, Format Version 12.00
# Visual Studio Version 17
VisualStudioVersion = 17.7.34009.444
MinimumVisualStudioVersion = 10.0.40219.1
Project("{9A19103F-16F7-4668-BE54-9A1E7A4F7556}") = "Inno_Shop.Services.Users", "Inno_Shop.UsersMicroservice\Inno_Shop.Services.Users.csproj", "{4FC975BE-1E18-4407-8F78-330D4368549C}"
EndProject
Project("{FAE04EC0-301F-11D3-BF4B-00C04F79EFBC}") = "Inno_Shop.Services.Products", "Inno_Shop.ProductsMicroservice\Inno_Shop.Services.Products.csproj", "{BED301C4-8DDD-4AA0-9274-A4C20345D79E}"
EndProject
Global
	GlobalSection(SolutionConfigurationPlatforms) = preSolution
		Debug|Any CPU = Debug|Any CPU
		Release|Any CPU = Release|Any CPU
	EndGlobalSection
	GlobalSection(ProjectConfigurationPlatforms) = postSolution
		{4FC975BE-1E18-4407-8F78-330D4368549C}.Debug|Any CPU.ActiveCfg = Debug|Any CPU
		{4FC975BE-1E18-4407-8F78-330D4368549C}.Debug|Any CPU.Build.0 = Debug|Any CPU
		{4FC975BE-1E18-4407-8F78-330D4368549C}.Release|Any CPU.ActiveCfg = Release|Any CPU
		{4FC975BE-1E18-4407-8F78-330D4368549C}.Release|Any CPU.Build.0 = Release|Any CPU
		{BED301C4-8DDD-4AA0-9274-A4C20345D79E}.Debug|Any CPU.ActiveCfg = Debug|Any CPU
		{BED301C4-8DDD-4AA0-9274-A4C20345D79E}.Debug|Any CPU.Build.0 = Debug|Any CPU
		{BED301C4-8DDD-4AA0-9274-A4C20345D79E}.Release|Any CPU.ActiveCfg = Release|Any CPU
		{BED301C4-8DDD-4AA0-9274-A4C20345D79E}.Release|Any CPU.Build.0 = Release|Any CPU
	EndGlobalSection
	GlobalSection(SolutionProperties) = preSolution
		HideSolutionNode = FALSE
	EndGlobalSection
	GlobalSection(ExtensibilityGlobals) = postSolution
		SolutionGuid = {24DC8B1E-1AA0-48C3-A6A3-5C2D6E5744A1}
	EndGlobalSection
EndGlobal
